
Microsoft Visual Studio Solution File, Format Version 12.00
# Visual Studio Version 16
VisualStudioVersion = 16.0.29709.97
MinimumVisualStudioVersion = 10.0.40219.1
Project("{9092AA53-FB77-4645-B42D-1CCCA6BD08BD}") = "BackendServer", "BackendServer\BackendServer.njsproj", "{D9526BDE-4BAC-41AD-A811-190BBDDF6F02}"
EndProject
Project("{FAE04EC0-301F-11D3-BF4B-00C04F79EFBC}") = "AspNetCoreGraph", "..\AspNetCoreGraph\AspNetCoreGraph.csproj", "{58664EEE-4147-416F-A6A3-0034588F49FA}"
EndProject
Global
	GlobalSection(SolutionConfigurationPlatforms) = preSolution
		Debug|Any CPU = Debug|Any CPU
		Release|Any CPU = Release|Any CPU
	EndGlobalSection
	GlobalSection(ProjectConfigurationPlatforms) = postSolution
		{D9526BDE-4BAC-41AD-A811-190BBDDF6F02}.Debug|Any CPU.ActiveCfg = Debug|Any CPU
		{D9526BDE-4BAC-41AD-A811-190BBDDF6F02}.Debug|Any CPU.Build.0 = Debug|Any CPU
		{D9526BDE-4BAC-41AD-A811-190BBDDF6F02}.Release|Any CPU.ActiveCfg = Release|Any CPU
		{D9526BDE-4BAC-41AD-A811-190BBDDF6F02}.Release|Any CPU.Build.0 = Release|Any CPU
		{58664EEE-4147-416F-A6A3-0034588F49FA}.Debug|Any CPU.ActiveCfg = Debug|Any CPU
		{58664EEE-4147-416F-A6A3-0034588F49FA}.Debug|Any CPU.Build.0 = Debug|Any CPU
		{58664EEE-4147-416F-A6A3-0034588F49FA}.Release|Any CPU.ActiveCfg = Release|Any CPU
		{58664EEE-4147-416F-A6A3-0034588F49FA}.Release|Any CPU.Build.0 = Release|Any CPU
	EndGlobalSection
	GlobalSection(SolutionProperties) = preSolution
		HideSolutionNode = FALSE
	EndGlobalSection
	GlobalSection(ExtensibilityGlobals) = postSolution
		SolutionGuid = {576C5338-DE49-4FDB-9FEB-B1B0D2F0F7C1}
	EndGlobalSection
EndGlobal
